
Microsoft Visual Studio Solution File, Format Version 12.00
Project("{FAE04EC0-301F-11D3-BF4B-00C04F79EFBC}") = "Njulf Framework", "Njulf Framework\Njulf Framework.csproj", "{136EB1F6-3DFD-43CF-89FD-0C7D595C82FF}"
EndProject
Global
	GlobalSection(SolutionConfigurationPlatforms) = preSolution
		Debug|Any CPU = Debug|Any CPU
		Release|Any CPU = Release|Any CPU
	EndGlobalSection
	GlobalSection(ProjectConfigurationPlatforms) = postSolution
		{136EB1F6-3DFD-43CF-89FD-0C7D595C82FF}.Debug|Any CPU.ActiveCfg = Debug|Any CPU
		{136EB1F6-3DFD-43CF-89FD-0C7D595C82FF}.Debug|Any CPU.Build.0 = Debug|Any CPU
		{136EB1F6-3DFD-43CF-89FD-0C7D595C82FF}.Release|Any CPU.ActiveCfg = Release|Any CPU
		{136EB1F6-3DFD-43CF-89FD-0C7D595C82FF}.Release|Any CPU.Build.0 = Release|Any CPU
	EndGlobalSection
EndGlobal
